
Microsoft Visual Studio Solution File, Format Version 12.00
# Visual Studio 15
VisualStudioVersion = 15.0.27703.2035
MinimumVisualStudioVersion = 10.0.40219.1
Project("{FAE04EC0-301F-11D3-BF4B-00C04F79EFBC}") = "Session01.Before", "Session01.Beore\Session01.Before.csproj", "{A3ABBFFB-D401-4AFA-A32C-295B15C66827}"
EndProject
Project("{FAE04EC0-301F-11D3-BF4B-00C04F79EFBC}") = "Session01.Begining", "Session01.Begining\Session01.Begining.csproj", "{C236DF3A-A3A1-4C9B-860E-07F32A64DB1C}"
EndProject
Global
	GlobalSection(SolutionConfigurationPlatforms) = preSolution
		Debug|Any CPU = Debug|Any CPU
		Release|Any CPU = Release|Any CPU
	EndGlobalSection
	GlobalSection(ProjectConfigurationPlatforms) = postSolution
		{A3ABBFFB-D401-4AFA-A32C-295B15C66827}.Debug|Any CPU.ActiveCfg = Debug|Any CPU
		{A3ABBFFB-D401-4AFA-A32C-295B15C66827}.Debug|Any CPU.Build.0 = Debug|Any CPU
		{A3ABBFFB-D401-4AFA-A32C-295B15C66827}.Release|Any CPU.ActiveCfg = Release|Any CPU
		{A3ABBFFB-D401-4AFA-A32C-295B15C66827}.Release|Any CPU.Build.0 = Release|Any CPU
		{C236DF3A-A3A1-4C9B-860E-07F32A64DB1C}.Debug|Any CPU.ActiveCfg = Debug|Any CPU
		{C236DF3A-A3A1-4C9B-860E-07F32A64DB1C}.Debug|Any CPU.Build.0 = Debug|Any CPU
		{C236DF3A-A3A1-4C9B-860E-07F32A64DB1C}.Release|Any CPU.ActiveCfg = Release|Any CPU
		{C236DF3A-A3A1-4C9B-860E-07F32A64DB1C}.Release|Any CPU.Build.0 = Release|Any CPU
	EndGlobalSection
	GlobalSection(SolutionProperties) = preSolution
		HideSolutionNode = FALSE
	EndGlobalSection
	GlobalSection(ExtensibilityGlobals) = postSolution
		SolutionGuid = {D73ACDE8-8B90-408B-9DC9-9AA75EBA41C7}
	EndGlobalSection
EndGlobal
